
Microsoft Visual Studio Solution File, Format Version 12.00
# Visual Studio Version 17
VisualStudioVersion = 17.0.31912.275
MinimumVisualStudioVersion = 10.0.40219.1
Project("{FAE04EC0-301F-11D3-BF4B-00C04F79EFBC}") = "ExcerciseW4B", "ExcerciseW4B\ExcerciseW4B.csproj", "{1D956731-5A1D-4CE4-8FAD-2B2F5B3C0698}"
EndProject
Global
	GlobalSection(SolutionConfigurationPlatforms) = preSolution
		Debug|Any CPU = Debug|Any CPU
		Release|Any CPU = Release|Any CPU
	EndGlobalSection
	GlobalSection(ProjectConfigurationPlatforms) = postSolution
		{1D956731-5A1D-4CE4-8FAD-2B2F5B3C0698}.Debug|Any CPU.ActiveCfg = Debug|Any CPU
		{1D956731-5A1D-4CE4-8FAD-2B2F5B3C0698}.Debug|Any CPU.Build.0 = Debug|Any CPU
		{1D956731-5A1D-4CE4-8FAD-2B2F5B3C0698}.Release|Any CPU.ActiveCfg = Release|Any CPU
		{1D956731-5A1D-4CE4-8FAD-2B2F5B3C0698}.Release|Any CPU.Build.0 = Release|Any CPU
	EndGlobalSection
	GlobalSection(SolutionProperties) = preSolution
		HideSolutionNode = FALSE
	EndGlobalSection
	GlobalSection(ExtensibilityGlobals) = postSolution
		SolutionGuid = {9EC13BF8-4965-43AC-85FF-26BBC70CE432}
	EndGlobalSection
EndGlobal
